// !$*UTF8*$!
{
	archiveVersion = 1;
	classes = {
	};
	objectVersion = 46;
	objects = {

/* Begin PBXBuildFile section */
		1E3C307F1E1F728500D037F2 /* pop.framework in Frameworks */ = {isa = PBXBuildFile; fileRef = 1E3C307E1E1F728500D037F2 /* pop.framework */; };
		1E3C30831E1F72C300D037F2 /* PopAnimationController.m in Sources */ = {isa = PBXBuildFile; fileRef = 1E3C30821E1F72C300D037F2 /* PopAnimationController.m */; };
		1E3C30861E1F747000D037F2 /* PopAnimationDetailController.m in Sources */ = {isa = PBXBuildFile; fileRef = 1E3C30851E1F747000D037F2 /* PopAnimationDetailController.m */; };
		1E3C30881E1F761400D037F2 /* pop.framework in Embed Frameworks */ = {isa = PBXBuildFile; fileRef = 1E3C307E1E1F728500D037F2 /* pop.framework */; settings = {ATTRIBUTES = (CodeSignOnCopy, RemoveHeadersOnCopy, ); }; };
		1EB181A01E1DEDD400F6E5B6 /* main.m in Sources */ = {isa = PBXBuildFile; fileRef = 1EB1819F1E1DEDD400F6E5B6 /* main.m */; };
		1EB181A31E1DEDD400F6E5B6 /* AppDelegate.m in Sources */ = {isa = PBXBuildFile; fileRef = 1EB181A21E1DEDD400F6E5B6 /* AppDelegate.m */; };
		1EB181A61E1DEDD400F6E5B6 /* ViewController.m in Sources */ = {isa = PBXBuildFile; fileRef = 1EB181A51E1DEDD400F6E5B6 /* ViewController.m */; };
		1EB181A91E1DEDD400F6E5B6 /* Main.storyboard in Resources */ = {isa = PBXBuildFile; fileRef = 1EB181A71E1DEDD400F6E5B6 /* Main.storyboard */; };
		1EB181AB1E1DEDD400F6E5B6 /* Assets.xcassets in Resources */ = {isa = PBXBuildFile; fileRef = 1EB181AA1E1DEDD400F6E5B6 /* Assets.xcassets */; };
		1EB181AE1E1DEDD400F6E5B6 /* LaunchScreen.storyboard in Resources */ = {isa = PBXBuildFile; fileRef = 1EB181AC1E1DEDD400F6E5B6 /* LaunchScreen.storyboard */; };
		1EB181B71E1DF05300F6E5B6 /* CustomAnimationController.m in Sources */ = {isa = PBXBuildFile; fileRef = 1EB181B61E1DF05300F6E5B6 /* CustomAnimationController.m */; };
		1EB181BA1E1DF0BD00F6E5B6 /* UIViewController+CustomTransitionAnimation.m in Sources */ = {isa = PBXBuildFile; fileRef = 1EB181B91E1DF0BD00F6E5B6 /* UIViewController+CustomTransitionAnimation.m */; };
		1EB181C01E1E1EEA00F6E5B6 /* SwitchChildViewController.m in Sources */ = {isa = PBXBuildFile; fileRef = 1EB181BF1E1E1EEA00F6E5B6 /* SwitchChildViewController.m */; };
		1EB181C41E1E30FC00F6E5B6 /* UIViewPropertyAnimationController.m in Sources */ = {isa = PBXBuildFile; fileRef = 1EB181C31E1E30FC00F6E5B6 /* UIViewPropertyAnimationController.m */; };
		1EB181C71E1E34AE00F6E5B6 /* UIViewAnimationDetailController.m in Sources */ = {isa = PBXBuildFile; fileRef = 1EB181C61E1E34AE00F6E5B6 /* UIViewAnimationDetailController.m */; };
		1EB181CA1E1E3FDF00F6E5B6 /* CATransitionAnimationController.m in Sources */ = {isa = PBXBuildFile; fileRef = 1EB181C91E1E3FDF00F6E5B6 /* CATransitionAnimationController.m */; };
		1EB181CD1E1E440E00F6E5B6 /* CAAnimationController.m in Sources */ = {isa = PBXBuildFile; fileRef = 1EB181CC1E1E440E00F6E5B6 /* CAAnimationController.m */; };
		1EB181D01E1E444700F6E5B6 /* CustomTransitionAnimationController.m in Sources */ = {isa = PBXBuildFile; fileRef = 1EB181CF1E1E444700F6E5B6 /* CustomTransitionAnimationController.m */; };
		1EB181D31E1E4E1100F6E5B6 /* CAAnimationDetailController.m in Sources */ = {isa = PBXBuildFile; fileRef = 1EB181D21E1E4E1100F6E5B6 /* CAAnimationDetailController.m */; };
		1EB181D61E1E679800F6E5B6 /* CATransactionAnimationController.m in Sources */ = {isa = PBXBuildFile; fileRef = 1EB181D51E1E679800F6E5B6 /* CATransactionAnimationController.m */; };
		1EB181DC1E1E796600F6E5B6 /* GradientProcessView.m in Sources */ = {isa = PBXBuildFile; fileRef = 1EB181DB1E1E796600F6E5B6 /* GradientProcessView.m */; };
		1EB181DF1E1E7A9300F6E5B6 /* UIColor+Extensions.m in Sources */ = {isa = PBXBuildFile; fileRef = 1EB181DE1E1E7A9300F6E5B6 /* UIColor+Extensions.m */; };
		1EB181E21E1E7AD500F6E5B6 /* UIView+Extensions.m in Sources */ = {isa = PBXBuildFile; fileRef = 1EB181E11E1E7AD500F6E5B6 /* UIView+Extensions.m */; };
		1EB181E51E1F3C1B00F6E5B6 /* DisplayLinkAnimation.m in Sources */ = {isa = PBXBuildFile; fileRef = 1EB181E41E1F3C1B00F6E5B6 /* DisplayLinkAnimation.m */; };
/* End PBXBuildFile section */

/* Begin PBXCopyFilesBuildPhase section */
		1E3C30891E1F761400D037F2 /* Embed Frameworks */ = {
			isa = PBXCopyFilesBuildPhase;
			buildActionMask = 2147483647;
			dstPath = "";
			dstSubfolderSpec = 10;
			files = (
				1E3C30881E1F761400D037F2 /* pop.framework in Embed Frameworks */,
			);
			name = "Embed Frameworks";
			runOnlyForDeploymentPostprocessing = 0;
		};
/* End PBXCopyFilesBuildPhase section */

/* Begin PBXFileReference section */
		1E3C307E1E1F728500D037F2 /* pop.framework */ = {isa = PBXFileReference; lastKnownFileType = wrapper.framework; path = pop.framework; sourceTree = "<group>"; };
		1E3C30811E1F72C300D037F2 /* PopAnimationController.h */ = {isa = PBXFileReference; fileEncoding = 4; lastKnownFileType = sourcecode.c.h; path = PopAnimationController.h; sourceTree = "<group>"; };
		1E3C30821E1F72C300D037F2 /* PopAnimationController.m */ = {isa = PBXFileReference; fileEncoding = 4; lastKnownFileType = sourcecode.c.objc; path = PopAnimationController.m; sourceTree = "<group>"; };
		1E3C30841E1F747000D037F2 /* PopAnimationDetailController.h */ = {isa = PBXFileReference; fileEncoding = 4; lastKnownFileType = sourcecode.c.h; path = PopAnimationDetailController.h; sourceTree = "<group>"; };
		1E3C30851E1F747000D037F2 /* PopAnimationDetailController.m */ = {isa = PBXFileReference; fileEncoding = 4; lastKnownFileType = sourcecode.c.objc; path = PopAnimationDetailController.m; sourceTree = "<group>"; };
		1EB1819B1E1DEDD400F6E5B6 /* QYAnimationDemo.app */ = {isa = PBXFileReference; explicitFileType = wrapper.application; includeInIndex = 0; path = QYAnimationDemo.app; sourceTree = BUILT_PRODUCTS_DIR; };
		1EB1819F1E1DEDD400F6E5B6 /* main.m */ = {isa = PBXFileReference; lastKnownFileType = sourcecode.c.objc; path = main.m; sourceTree = "<group>"; };
		1EB181A11E1DEDD400F6E5B6 /* AppDelegate.h */ = {isa = PBXFileReference; lastKnownFileType = sourcecode.c.h; path = AppDelegate.h; sourceTree = "<group>"; };
		1EB181A21E1DEDD400F6E5B6 /* AppDelegate.m */ = {isa = PBXFileReference; lastKnownFileType = sourcecode.c.objc; path = AppDelegate.m; sourceTree = "<group>"; };
		1EB181A41E1DEDD400F6E5B6 /* ViewController.h */ = {isa = PBXFileReference; lastKnownFileType = sourcecode.c.h; path = ViewController.h; sourceTree = "<group>"; };
		1EB181A51E1DEDD400F6E5B6 /* ViewController.m */ = {isa = PBXFileReference; lastKnownFileType = sourcecode.c.objc; path = ViewController.m; sourceTree = "<group>"; };
		1EB181A81E1DEDD400F6E5B6 /* Base */ = {isa = PBXFileReference; lastKnownFileType = file.storyboard; name = Base; path = Base.lproj/Main.storyboard; sourceTree = "<group>"; };
		1EB181AA1E1DEDD400F6E5B6 /* Assets.xcassets */ = {isa = PBXFileReference; lastKnownFileType = folder.assetcatalog; path = Assets.xcassets; sourceTree = "<group>"; };
		1EB181AD1E1DEDD400F6E5B6 /* Base */ = {isa = PBXFileReference; lastKnownFileType = file.storyboard; name = Base; path = Base.lproj/LaunchScreen.storyboard; sourceTree = "<group>"; };
		1EB181AF1E1DEDD400F6E5B6 /* Info.plist */ = {isa = PBXFileReference; lastKnownFileType = text.plist.xml; path = Info.plist; sourceTree = "<group>"; };
		1EB181B51E1DF05300F6E5B6 /* CustomAnimationController.h */ = {isa = PBXFileReference; fileEncoding = 4; lastKnownFileType = sourcecode.c.h; path = CustomAnimationController.h; sourceTree = "<group>"; };
		1EB181B61E1DF05300F6E5B6 /* CustomAnimationController.m */ = {isa = PBXFileReference; fileEncoding = 4; lastKnownFileType = sourcecode.c.objc; path = CustomAnimationController.m; sourceTree = "<group>"; };
		1EB181B81E1DF0BD00F6E5B6 /* UIViewController+CustomTransitionAnimation.h */ = {isa = PBXFileReference; fileEncoding = 4; lastKnownFileType = sourcecode.c.h; path = "UIViewController+CustomTransitionAnimation.h"; sourceTree = "<group>"; };
		1EB181B91E1DF0BD00F6E5B6 /* UIViewController+CustomTransitionAnimation.m */ = {isa = PBXFileReference; fileEncoding = 4; lastKnownFileType = sourcecode.c.objc; path = "UIViewController+CustomTransitionAnimation.m"; sourceTree = "<group>"; };
		1EB181BE1E1E1EEA00F6E5B6 /* SwitchChildViewController.h */ = {isa = PBXFileReference; fileEncoding = 4; lastKnownFileType = sourcecode.c.h; path = SwitchChildViewController.h; sourceTree = "<group>"; };
		1EB181BF1E1E1EEA00F6E5B6 /* SwitchChildViewController.m */ = {isa = PBXFileReference; fileEncoding = 4; lastKnownFileType = sourcecode.c.objc; path = SwitchChildViewController.m; sourceTree = "<group>"; };
		1EB181C11E1E2E6F00F6E5B6 /* QYAnimationDemo.pch */ = {isa = PBXFileReference; lastKnownFileType = sourcecode.c.h; path = QYAnimationDemo.pch; sourceTree = "<group>"; };
		1EB181C21E1E30FC00F6E5B6 /* UIViewPropertyAnimationController.h */ = {isa = PBXFileReference; fileEncoding = 4; lastKnownFileType = sourcecode.c.h; path = UIViewPropertyAnimationController.h; sourceTree = "<group>"; };
		1EB181C31E1E30FC00F6E5B6 /* UIViewPropertyAnimationController.m */ = {isa = PBXFileReference; fileEncoding = 4; lastKnownFileType = sourcecode.c.objc; path = UIViewPropertyAnimationController.m; sourceTree = "<group>"; };
		1EB181C51E1E34AE00F6E5B6 /* UIViewAnimationDetailController.h */ = {isa = PBXFileReference; fileEncoding = 4; lastKnownFileType = sourcecode.c.h; path = UIViewAnimationDetailController.h; sourceTree = "<group>"; };
		1EB181C61E1E34AE00F6E5B6 /* UIViewAnimationDetailController.m */ = {isa = PBXFileReference; fileEncoding = 4; lastKnownFileType = sourcecode.c.objc; path = UIViewAnimationDetailController.m; sourceTree = "<group>"; };
		1EB181C81E1E3FDF00F6E5B6 /* CATransitionAnimationController.h */ = {isa = PBXFileReference; fileEncoding = 4; lastKnownFileType = sourcecode.c.h; path = CATransitionAnimationController.h; sourceTree = "<group>"; };
		1EB181C91E1E3FDF00F6E5B6 /* CATransitionAnimationController.m */ = {isa = PBXFileReference; fileEncoding = 4; lastKnownFileType = sourcecode.c.objc; path = CATransitionAnimationController.m; sourceTree = "<group>"; };
		1EB181CB1E1E440E00F6E5B6 /* CAAnimationController.h */ = {isa = PBXFileReference; fileEncoding = 4; lastKnownFileType = sourcecode.c.h; path = CAAnimationController.h; sourceTree = "<group>"; };
		1EB181CC1E1E440E00F6E5B6 /* CAAnimationController.m */ = {isa = PBXFileReference; fileEncoding = 4; lastKnownFileType = sourcecode.c.objc; path = CAAnimationController.m; sourceTree = "<group>"; };
		1EB181CE1E1E444700F6E5B6 /* CustomTransitionAnimationController.h */ = {isa = PBXFileReference; fileEncoding = 4; lastKnownFileType = sourcecode.c.h; path = CustomTransitionAnimationController.h; sourceTree = "<group>"; };
		1EB181CF1E1E444700F6E5B6 /* CustomTransitionAnimationController.m */ = {isa = PBXFileReference; fileEncoding = 4; lastKnownFileType = sourcecode.c.objc; path = CustomTransitionAnimationController.m; sourceTree = "<group>"; };
		1EB181D11E1E4E1100F6E5B6 /* CAAnimationDetailController.h */ = {isa = PBXFileReference; fileEncoding = 4; lastKnownFileType = sourcecode.c.h; path = CAAnimationDetailController.h; sourceTree = "<group>"; };
		1EB181D21E1E4E1100F6E5B6 /* CAAnimationDetailController.m */ = {isa = PBXFileReference; fileEncoding = 4; lastKnownFileType = sourcecode.c.objc; path = CAAnimationDetailController.m; sourceTree = "<group>"; };
		1EB181D41E1E679800F6E5B6 /* CATransactionAnimationController.h */ = {isa = PBXFileReference; fileEncoding = 4; lastKnownFileType = sourcecode.c.h; path = CATransactionAnimationController.h; sourceTree = "<group>"; };
		1EB181D51E1E679800F6E5B6 /* CATransactionAnimationController.m */ = {isa = PBXFileReference; fileEncoding = 4; lastKnownFileType = sourcecode.c.objc; path = CATransactionAnimationController.m; sourceTree = "<group>"; };
		1EB181DA1E1E796600F6E5B6 /* GradientProcessView.h */ = {isa = PBXFileReference; fileEncoding = 4; lastKnownFileType = sourcecode.c.h; path = GradientProcessView.h; sourceTree = "<group>"; };
		1EB181DB1E1E796600F6E5B6 /* GradientProcessView.m */ = {isa = PBXFileReference; fileEncoding = 4; lastKnownFileType = sourcecode.c.objc; path = GradientProcessView.m; sourceTree = "<group>"; };
		1EB181DD1E1E7A9300F6E5B6 /* UIColor+Extensions.h */ = {isa = PBXFileReference; fileEncoding = 4; lastKnownFileType = sourcecode.c.h; path = "UIColor+Extensions.h"; sourceTree = "<group>"; };
		1EB181DE1E1E7A9300F6E5B6 /* UIColor+Extensions.m */ = {isa = PBXFileReference; fileEncoding = 4; lastKnownFileType = sourcecode.c.objc; path = "UIColor+Extensions.m"; sourceTree = "<group>"; };
		1EB181E01E1E7AD500F6E5B6 /* UIView+Extensions.h */ = {isa = PBXFileReference; fileEncoding = 4; lastKnownFileType = sourcecode.c.h; path = "UIView+Extensions.h"; sourceTree = "<group>"; };
		1EB181E11E1E7AD500F6E5B6 /* UIView+Extensions.m */ = {isa = PBXFileReference; fileEncoding = 4; lastKnownFileType = sourcecode.c.objc; path = "UIView+Extensions.m"; sourceTree = "<group>"; };
		1EB181E31E1F3C1B00F6E5B6 /* DisplayLinkAnimation.h */ = {isa = PBXFileReference; fileEncoding = 4; lastKnownFileType = sourcecode.c.h; path = DisplayLinkAnimation.h; sourceTree = "<group>"; };
		1EB181E41E1F3C1B00F6E5B6 /* DisplayLinkAnimation.m */ = {isa = PBXFileReference; fileEncoding = 4; lastKnownFileType = sourcecode.c.objc; path = DisplayLinkAnimation.m; sourceTree = "<group>"; };
/* End PBXFileReference section */

/* Begin PBXFrameworksBuildPhase section */
		1EB181981E1DEDD400F6E5B6 /* Frameworks */ = {
			isa = PBXFrameworksBuildPhase;
			buildActionMask = 2147483647;
			files = (
				1E3C307F1E1F728500D037F2 /* pop.framework in Frameworks */,
			);
			runOnlyForDeploymentPostprocessing = 0;
		};
/* End PBXFrameworksBuildPhase section */

/* Begin PBXGroup section */
		1E3C30801E1F729D00D037F2 /* popAnimation */ = {
			isa = PBXGroup;
			children = (
				1E3C30811E1F72C300D037F2 /* PopAnimationController.h */,
				1E3C30821E1F72C300D037F2 /* PopAnimationController.m */,
				1E3C30841E1F747000D037F2 /* PopAnimationDetailController.h */,
				1E3C30851E1F747000D037F2 /* PopAnimationDetailController.m */,
			);
			path = popAnimation;
			sourceTree = "<group>";
		};
		1EB181921E1DEDD400F6E5B6 = {
			isa = PBXGroup;
			children = (
				1EB1819D1E1DEDD400F6E5B6 /* QYAnimationDemo */,
				1EB1819C1E1DEDD400F6E5B6 /* Products */,
			);
			sourceTree = "<group>";
		};
		1EB1819C1E1DEDD400F6E5B6 /* Products */ = {
			isa = PBXGroup;
			children = (
				1EB1819B1E1DEDD400F6E5B6 /* QYAnimationDemo.app */,
			);
			name = Products;
			sourceTree = "<group>";
		};
		1EB1819D1E1DEDD400F6E5B6 /* QYAnimationDemo */ = {
			isa = PBXGroup;
			children = (
				1EB181A11E1DEDD400F6E5B6 /* AppDelegate.h */,
				1EB181A21E1DEDD400F6E5B6 /* AppDelegate.m */,
				1EB181A41E1DEDD400F6E5B6 /* ViewController.h */,
				1EB181A51E1DEDD400F6E5B6 /* ViewController.m */,
				1EB181E81E1F709400F6E5B6 /* UIViewAnimation */,
				1EB181E91E1F70B000F6E5B6 /* CATransitionAnimation */,
				1EB181EA1E1F70CE00F6E5B6 /* CAAnimationAnimation */,
				1EB181EB1E1F70F200F6E5B6 /* CustiomAnimation */,
				1E3C30801E1F729D00D037F2 /* popAnimation */,
				1EB181EC1E1F71AE00F6E5B6 /* Tools */,
				1EB181A71E1DEDD400F6E5B6 /* Main.storyboard */,
				1EB181AA1E1DEDD400F6E5B6 /* Assets.xcassets */,
				1EB181AC1E1DEDD400F6E5B6 /* LaunchScreen.storyboard */,
				1EB181AF1E1DEDD400F6E5B6 /* Info.plist */,
				1EB1819E1E1DEDD400F6E5B6 /* Supporting Files */,
			);
			path = QYAnimationDemo;
			sourceTree = "<group>";
		};
		1EB1819E1E1DEDD400F6E5B6 /* Supporting Files */ = {
			isa = PBXGroup;
			children = (
				1EB1819F1E1DEDD400F6E5B6 /* main.m */,
				1EB181C11E1E2E6F00F6E5B6 /* QYAnimationDemo.pch */,
			);
			name = "Supporting Files";
			sourceTree = "<group>";
		};
		1EB181E81E1F709400F6E5B6 /* UIViewAnimation */ = {
			isa = PBXGroup;
			children = (
				1EB181C21E1E30FC00F6E5B6 /* UIViewPropertyAnimationController.h */,
				1EB181C31E1E30FC00F6E5B6 /* UIViewPropertyAnimationController.m */,
				1EB181C51E1E34AE00F6E5B6 /* UIViewAnimationDetailController.h */,
				1EB181C61E1E34AE00F6E5B6 /* UIViewAnimationDetailController.m */,
			);
			path = UIViewAnimation;
			sourceTree = "<group>";
		};
		1EB181E91E1F70B000F6E5B6 /* CATransitionAnimation */ = {
			isa = PBXGroup;
			children = (
				1EB181C81E1E3FDF00F6E5B6 /* CATransitionAnimationController.h */,
				1EB181C91E1E3FDF00F6E5B6 /* CATransitionAnimationController.m */,
			);
			path = CATransitionAnimation;
			sourceTree = "<group>";
		};
		1EB181EA1E1F70CE00F6E5B6 /* CAAnimationAnimation */ = {
			isa = PBXGroup;
			children = (
				1EB181CB1E1E440E00F6E5B6 /* CAAnimationController.h */,
				1EB181CC1E1E440E00F6E5B6 /* CAAnimationController.m */,
				1EB181D11E1E4E1100F6E5B6 /* CAAnimationDetailController.h */,
				1EB181D21E1E4E1100F6E5B6 /* CAAnimationDetailController.m */,
				1EB181D41E1E679800F6E5B6 /* CATransactionAnimationController.h */,
				1EB181D51E1E679800F6E5B6 /* CATransactionAnimationController.m */,
				1EB181DA1E1E796600F6E5B6 /* GradientProcessView.h */,
				1EB181DB1E1E796600F6E5B6 /* GradientProcessView.m */,
				1EB181E31E1F3C1B00F6E5B6 /* DisplayLinkAnimation.h */,
				1EB181E41E1F3C1B00F6E5B6 /* DisplayLinkAnimation.m */,
			);
			path = CAAnimationAnimation;
			sourceTree = "<group>";
		};
		1EB181EB1E1F70F200F6E5B6 /* CustiomAnimation */ = {
			isa = PBXGroup;
			children = (
				1EB181CE1E1E444700F6E5B6 /* CustomTransitionAnimationController.h */,
				1EB181CF1E1E444700F6E5B6 /* CustomTransitionAnimationController.m */,
				1EB181B51E1DF05300F6E5B6 /* CustomAnimationController.h */,
				1EB181B61E1DF05300F6E5B6 /* CustomAnimationController.m */,
				1EB181BE1E1E1EEA00F6E5B6 /* SwitchChildViewController.h */,
				1EB181BF1E1E1EEA00F6E5B6 /* SwitchChildViewController.m */,
			);
			path = CustiomAnimation;
			sourceTree = "<group>";
		};
		1EB181EC1E1F71AE00F6E5B6 /* Tools */ = {
			isa = PBXGroup;
			children = (
				1E3C307E1E1F728500D037F2 /* pop.framework */,
				1EB181B81E1DF0BD00F6E5B6 /* UIViewController+CustomTransitionAnimation.h */,
				1EB181B91E1DF0BD00F6E5B6 /* UIViewController+CustomTransitionAnimation.m */,
				1EB181DD1E1E7A9300F6E5B6 /* UIColor+Extensions.h */,
				1EB181DE1E1E7A9300F6E5B6 /* UIColor+Extensions.m */,
				1EB181E01E1E7AD500F6E5B6 /* UIView+Extensions.h */,
				1EB181E11E1E7AD500F6E5B6 /* UIView+Extensions.m */,
			);
			path = Tools;
			sourceTree = "<group>";
		};
/* End PBXGroup section */

/* Begin PBXNativeTarget section */
		1EB1819A1E1DEDD400F6E5B6 /* QYAnimationDemo */ = {
			isa = PBXNativeTarget;
			buildConfigurationList = 1EB181B21E1DEDD400F6E5B6 /* Build configuration list for PBXNativeTarget "QYAnimationDemo" */;
			buildPhases = (
				1EB181971E1DEDD400F6E5B6 /* Sources */,
				1EB181981E1DEDD400F6E5B6 /* Frameworks */,
				1EB181991E1DEDD400F6E5B6 /* Resources */,
				1E3C30891E1F761400D037F2 /* Embed Frameworks */,
			);
			buildRules = (
			);
			dependencies = (
			);
			name = QYAnimationDemo;
			productName = QYAnimationDemo;
			productReference = 1EB1819B1E1DEDD400F6E5B6 /* QYAnimationDemo.app */;
			productType = "com.apple.product-type.application";
		};
/* End PBXNativeTarget section */

/* Begin PBXProject section */
		1EB181931E1DEDD400F6E5B6 /* Project object */ = {
			isa = PBXProject;
			attributes = {
				LastUpgradeCheck = 0820;
				ORGANIZATIONNAME = qianye;
				TargetAttributes = {
					1EB1819A1E1DEDD400F6E5B6 = {
						CreatedOnToolsVersion = 8.2;
						DevelopmentTeam = U27UCT3Q2J;
						ProvisioningStyle = Manual;
					};
				};
			};
			buildConfigurationList = 1EB181961E1DEDD400F6E5B6 /* Build configuration list for PBXProject "QYAnimationDemo" */;
			compatibilityVersion = "Xcode 3.2";
			developmentRegion = English;
			hasScannedForEncodings = 0;
			knownRegions = (
				en,
				Base,
			);
			mainGroup = 1EB181921E1DEDD400F6E5B6;
			productRefGroup = 1EB1819C1E1DEDD400F6E5B6 /* Products */;
			projectDirPath = "";
			projectRoot = "";
			targets = (
				1EB1819A1E1DEDD400F6E5B6 /* QYAnimationDemo */,
			);
		};
/* End PBXProject section */

/* Begin PBXResourcesBuildPhase section */
		1EB181991E1DEDD400F6E5B6 /* Resources */ = {
			isa = PBXResourcesBuildPhase;
			buildActionMask = 2147483647;
			files = (
				1EB181AE1E1DEDD400F6E5B6 /* LaunchScreen.storyboard in Resources */,
				1EB181AB1E1DEDD400F6E5B6 /* Assets.xcassets in Resources */,
				1EB181A91E1DEDD400F6E5B6 /* Main.storyboard in Resources */,
			);
			runOnlyForDeploymentPostprocessing = 0;
		};
/* End PBXResourcesBuildPhase section */

/* Begin PBXSourcesBuildPhase section */
		1EB181971E1DEDD400F6E5B6 /* Sources */ = {
			isa = PBXSourcesBuildPhase;
			buildActionMask = 2147483647;
			files = (
				1EB181DC1E1E796600F6E5B6 /* GradientProcessView.m in Sources */,
				1E3C30861E1F747000D037F2 /* PopAnimationDetailController.m in Sources */,
				1EB181E51E1F3C1B00F6E5B6 /* DisplayLinkAnimation.m in Sources */,
				1EB181CD1E1E440E00F6E5B6 /* CAAnimationController.m in Sources */,
				1EB181E21E1E7AD500F6E5B6 /* UIView+Extensions.m in Sources */,
				1EB181D01E1E444700F6E5B6 /* CustomTransitionAnimationController.m in Sources */,
				1EB181CA1E1E3FDF00F6E5B6 /* CATransitionAnimationController.m in Sources */,
				1EB181A61E1DEDD400F6E5B6 /* ViewController.m in Sources */,
				1EB181C41E1E30FC00F6E5B6 /* UIViewPropertyAnimationController.m in Sources */,
				1EB181A31E1DEDD400F6E5B6 /* AppDelegate.m in Sources */,
				1EB181A01E1DEDD400F6E5B6 /* main.m in Sources */,
				1EB181D61E1E679800F6E5B6 /* CATransactionAnimationController.m in Sources */,
				1EB181D31E1E4E1100F6E5B6 /* CAAnimationDetailController.m in Sources */,
				1EB181C71E1E34AE00F6E5B6 /* UIViewAnimationDetailController.m in Sources */,
				1EB181B71E1DF05300F6E5B6 /* CustomAnimationController.m in Sources */,
				1EB181BA1E1DF0BD00F6E5B6 /* UIViewController+CustomTransitionAnimation.m in Sources */,
				1EB181C01E1E1EEA00F6E5B6 /* SwitchChildViewController.m in Sources */,
				1E3C30831E1F72C300D037F2 /* PopAnimationController.m in Sources */,
				1EB181DF1E1E7A9300F6E5B6 /* UIColor+Extensions.m in Sources */,
			);
			runOnlyForDeploymentPostprocessing = 0;
		};
/* End PBXSourcesBuildPhase section */

/* Begin PBXVariantGroup section */
		1EB181A71E1DEDD400F6E5B6 /* Main.storyboard */ = {
			isa = PBXVariantGroup;
			children = (
				1EB181A81E1DEDD400F6E5B6 /* Base */,
			);
			name = Main.storyboard;
			sourceTree = "<group>";
		};
		1EB181AC1E1DEDD400F6E5B6 /* LaunchScreen.storyboard */ = {
			isa = PBXVariantGroup;
			children = (
				1EB181AD1E1DEDD400F6E5B6 /* Base */,
			);
			name = LaunchScreen.storyboard;
			sourceTree = "<group>";
		};
/* End PBXVariantGroup section */

/* Begin XCBuildConfiguration section */
		1EB181B01E1DEDD400F6E5B6 /* Debug */ = {
			isa = XCBuildConfiguration;
			buildSettings = {
				ALWAYS_SEARCH_USER_PATHS = NO;
				CLANG_ANALYZER_NONNULL = YES;
				CLANG_CXX_LANGUAGE_STANDARD = "gnu++0x";
				CLANG_CXX_LIBRARY = "libc++";
				CLANG_ENABLE_MODULES = YES;
				CLANG_ENABLE_OBJC_ARC = YES;
				CLANG_WARN_BOOL_CONVERSION = YES;
				CLANG_WARN_CONSTANT_CONVERSION = YES;
				CLANG_WARN_DIRECT_OBJC_ISA_USAGE = YES_ERROR;
				CLANG_WARN_DOCUMENTATION_COMMENTS = YES;
				CLANG_WARN_EMPTY_BODY = YES;
				CLANG_WARN_ENUM_CONVERSION = YES;
				CLANG_WARN_INFINITE_RECURSION = YES;
				CLANG_WARN_INT_CONVERSION = YES;
				CLANG_WARN_OBJC_ROOT_CLASS = YES_ERROR;
				CLANG_WARN_SUSPICIOUS_MOVE = YES;
				CLANG_WARN_UNREACHABLE_CODE = YES;
				CLANG_WARN__DUPLICATE_METHOD_MATCH = YES;
				"CODE_SIGN_IDENTITY[sdk=iphoneos*]" = "iPhone Developer";
				COPY_PHASE_STRIP = NO;
				DEBUG_INFORMATION_FORMAT = dwarf;
				ENABLE_STRICT_OBJC_MSGSEND = YES;
				ENABLE_TESTABILITY = YES;
				GCC_C_LANGUAGE_STANDARD = gnu99;
				GCC_DYNAMIC_NO_PIC = NO;
				GCC_NO_COMMON_BLOCKS = YES;
				GCC_OPTIMIZATION_LEVEL = 0;
				GCC_PREPROCESSOR_DEFINITIONS = (
					"DEBUG=1",
					"$(inherited)",
				);
				GCC_WARN_64_TO_32_BIT_CONVERSION = YES;
				GCC_WARN_ABOUT_RETURN_TYPE = YES_ERROR;
				GCC_WARN_UNDECLARED_SELECTOR = YES;
				GCC_WARN_UNINITIALIZED_AUTOS = YES_AGGRESSIVE;
				GCC_WARN_UNUSED_FUNCTION = YES;
				GCC_WARN_UNUSED_VARIABLE = YES;
				IPHONEOS_DEPLOYMENT_TARGET = 10.2;
				MTL_ENABLE_DEBUG_INFO = YES;
				ONLY_ACTIVE_ARCH = YES;
				SDKROOT = iphoneos;
			};
			name = Debug;
		};
		1EB181B11E1DEDD400F6E5B6 /* Release */ = {
			isa = XCBuildConfiguration;
			buildSettings = {
				ALWAYS_SEARCH_USER_PATHS = NO;
				CLANG_ANALYZER_NONNULL = YES;
				CLANG_CXX_LANGUAGE_STANDARD = "gnu++0x";
				CLANG_CXX_LIBRARY = "libc++";
				CLANG_ENABLE_MODULES = YES;
				CLANG_ENABLE_OBJC_ARC = YES;
				CLANG_WARN_BOOL_CONVERSION = YES;
				CLANG_WARN_CONSTANT_CONVERSION = YES;
				CLANG_WARN_DIRECT_OBJC_ISA_USAGE = YES_ERROR;
				CLANG_WARN_DOCUMENTATION_COMMENTS = YES;
				CLANG_WARN_EMPTY_BODY = YES;
				CLANG_WARN_ENUM_CONVERSION = YES;
				CLANG_WARN_INFINITE_RECURSION = YES;
				CLANG_WARN_INT_CONVERSION = YES;
				CLANG_WARN_OBJC_ROOT_CLASS = YES_ERROR;
				CLANG_WARN_SUSPICIOUS_MOVE = YES;
				CLANG_WARN_UNREACHABLE_CODE = YES;
				CLANG_WARN__DUPLICATE_METHOD_MATCH = YES;
				"CODE_SIGN_IDENTITY[sdk=iphoneos*]" = "iPhone Developer";
				COPY_PHASE_STRIP = NO;
				DEBUG_INFORMATION_FORMAT = "dwarf-with-dsym";
				ENABLE_NS_ASSERTIONS = NO;
				ENABLE_STRICT_OBJC_MSGSEND = YES;
				GCC_C_LANGUAGE_STANDARD = gnu99;
				GCC_NO_COMMON_BLOCKS = YES;
				GCC_WARN_64_TO_32_BIT_CONVERSION = YES;
				GCC_WARN_ABOUT_RETURN_TYPE = YES_ERROR;
				GCC_WARN_UNDECLARED_SELECTOR = YES;
				GCC_WARN_UNINITIALIZED_AUTOS = YES_AGGRESSIVE;
				GCC_WARN_UNUSED_FUNCTION = YES;
				GCC_WARN_UNUSED_VARIABLE = YES;
				IPHONEOS_DEPLOYMENT_TARGET = 10.2;
				MTL_ENABLE_DEBUG_INFO = NO;
				SDKROOT = iphoneos;
				VALIDATE_PRODUCT = YES;
			};
			name = Release;
		};
		1EB181B31E1DEDD400F6E5B6 /* Debug */ = {
			isa = XCBuildConfiguration;
			buildSettings = {
				ASSETCATALOG_COMPILER_APPICON_NAME = AppIcon;
				DEVELOPMENT_TEAM = U27UCT3Q2J;
				FRAMEWORK_SEARCH_PATHS = (
					"$(inherited)",
					"$(PROJECT_DIR)/QYAnimationDemo",
					"$(PROJECT_DIR)/QYAnimationDemo/Tools",
				);
				GCC_PREFIX_HEADER = QYAnimationDemo/QYAnimationDemo.pch;
				INFOPLIST_FILE = QYAnimationDemo/Info.plist;
				LD_RUNPATH_SEARCH_PATHS = "$(inherited) @executable_path/Frameworks";
				PRODUCT_BUNDLE_IDENTIFIER = com.qianye.QYAnimationDemo;
				PRODUCT_NAME = "$(TARGET_NAME)";
				PROVISIONING_PROFILE = "01573f6e-bed3-4d4a-9460-6db0b616ecfd";
				PROVISIONING_PROFILE_SPECIFIER = qianyeDemo;
			};
			name = Debug;
		};
		1EB181B41E1DEDD400F6E5B6 /* Release */ = {
			isa = XCBuildConfiguration;
			buildSettings = {
				ASSETCATALOG_COMPILER_APPICON_NAME = AppIcon;
				DEVELOPMENT_TEAM = "";
				FRAMEWORK_SEARCH_PATHS = (
					"$(inherited)",
					"$(PROJECT_DIR)/QYAnimationDemo",
					"$(PROJECT_DIR)/QYAnimationDemo/Tools",
				);
				GCC_PREFIX_HEADER = QYAnimationDemo/QYAnimationDemo.pch;
				INFOPLIST_FILE = QYAnimationDemo/Info.plist;
				LD_RUNPATH_SEARCH_PATHS = "$(inherited) @executable_path/Frameworks";
				PRODUCT_BUNDLE_IDENTIFIER = com.qianye.QYAnimationDemo;
				PRODUCT_NAME = "$(TARGET_NAME)";
			};
			name = Release;
		};
/* End XCBuildConfiguration section */

/* Begin XCConfigurationList section */
		1EB181961E1DEDD400F6E5B6 /* Build configuration list for PBXProject "QYAnimationDemo" */ = {
			isa = XCConfigurationList;
			buildConfigurations = (
				1EB181B01E1DEDD400F6E5B6 /* Debug */,
				1EB181B11E1DEDD400F6E5B6 /* Release */,
			);
			defaultConfigurationIsVisible = 0;
			defaultConfigurationName = Release;
		};
		1EB181B21E1DEDD400F6E5B6 /* Build configuration list for PBXNativeTarget "QYAnimationDemo" */ = {
			isa = XCConfigurationList;
			buildConfigurations = (
				1EB181B31E1DEDD400F6E5B6 /* Debug */,
				1EB181B41E1DEDD400F6E5B6 /* Release */,
			);
			defaultConfigurationIsVisible = 0;
			defaultConfigurationName = Release;
		};
/* End XCConfigurationList section */
	};
	rootObject = 1EB181931E1DEDD400F6E5B6 /* Project object */;
}
